
Microsoft Visual Studio Solution File, Format Version 12.00
# Visual Studio Version 17
VisualStudioVersion = 17.10.35013.160
MinimumVisualStudioVersion = 10.0.40219.1
Project("{9A19103F-16F7-4668-BE54-9A1E7A4F7556}") = "BloomFilters", "BloomFilters\BloomFilters.csproj", "{B045BA19-EB49-4030-ADAA-AF36FFE06C47}"
EndProject
Project("{9A19103F-16F7-4668-BE54-9A1E7A4F7556}") = "OldConsoleApps", "OldConsoleApps\OldConsoleApps.csproj", "{5FEF30CD-A7D7-4615-BA8C-28C732E89E8D}"
EndProject
Project("{9A19103F-16F7-4668-BE54-9A1E7A4F7556}") = "ftss", "ftss\ftss.csproj", "{B4DD2706-6AE5-4DF1-85B8-21C2A5A9E45E}"
EndProject
Project("{9A19103F-16F7-4668-BE54-9A1E7A4F7556}") = "ftss-tests", "ftss-tests\ftss-tests.csproj", "{877DFA65-6DEF-4A42-B18C-142FD673F5E8}"
EndProject
Project("{9A19103F-16F7-4668-BE54-9A1E7A4F7556}") = "NAryDict", "NAryDict\NAryDict.csproj", "{DC392218-DBC1-4871-A87D-A922D877DE84}"
EndProject
Project("{9A19103F-16F7-4668-BE54-9A1E7A4F7556}") = "typed-arrays", "typed-arrays\typed-arrays.csproj", "{0F3DF386-BAF7-42F3-98DF-F3A96A2D323D}"
EndProject
Project("{9A19103F-16F7-4668-BE54-9A1E7A4F7556}") = "ta-tests", "ta-tests\ta-tests.csproj", "{0B262B50-CB13-486C-A43C-484060499DCF}"
EndProject
Project("{FAE04EC0-301F-11D3-BF4B-00C04F79EFBC}") = "WordLists.Console", "WordLists.Console\WordLists.Console.csproj", "{B5F801AD-E675-41F5-B0ED-48CCDF44D5ED}"
EndProject
Project("{FAE04EC0-301F-11D3-BF4B-00C04F79EFBC}") = "WordLists.Wpf", "WordLists.Wpf\WordLists.Wpf.csproj", "{816CE632-23BA-43DC-BA28-1B119C3B37CB}"
EndProject
Project("{FAE04EC0-301F-11D3-BF4B-00C04F79EFBC}") = "Primes", "Primes\Primes.csproj", "{C9FDE117-FED6-495A-9640-0AC121A4E0F2}"
EndProject
Project("{FAE04EC0-301F-11D3-BF4B-00C04F79EFBC}") = "Primes.tests", "Primes.tests\Primes.tests.csproj", "{77535364-3B3E-4634-9B24-02059A292CF5}"
EndProject
Project("{FAE04EC0-301F-11D3-BF4B-00C04F79EFBC}") = "MultiSelectPlayground", "MultiSelectPlayground\MultiSelectPlayground.csproj", "{9DD0E060-2A32-461D-93E0-2753C9992E4D}"
EndProject
Global
	GlobalSection(SolutionConfigurationPlatforms) = preSolution
		Debug|Any CPU = Debug|Any CPU
		Release|Any CPU = Release|Any CPU
	EndGlobalSection
	GlobalSection(ProjectConfigurationPlatforms) = postSolution
		{B045BA19-EB49-4030-ADAA-AF36FFE06C47}.Debug|Any CPU.ActiveCfg = Debug|Any CPU
		{B045BA19-EB49-4030-ADAA-AF36FFE06C47}.Debug|Any CPU.Build.0 = Debug|Any CPU
		{B045BA19-EB49-4030-ADAA-AF36FFE06C47}.Release|Any CPU.ActiveCfg = Release|Any CPU
		{B045BA19-EB49-4030-ADAA-AF36FFE06C47}.Release|Any CPU.Build.0 = Release|Any CPU
		{5FEF30CD-A7D7-4615-BA8C-28C732E89E8D}.Debug|Any CPU.ActiveCfg = Debug|Any CPU
		{5FEF30CD-A7D7-4615-BA8C-28C732E89E8D}.Debug|Any CPU.Build.0 = Debug|Any CPU
		{5FEF30CD-A7D7-4615-BA8C-28C732E89E8D}.Release|Any CPU.ActiveCfg = Release|Any CPU
		{5FEF30CD-A7D7-4615-BA8C-28C732E89E8D}.Release|Any CPU.Build.0 = Release|Any CPU
		{B4DD2706-6AE5-4DF1-85B8-21C2A5A9E45E}.Debug|Any CPU.ActiveCfg = Debug|Any CPU
		{B4DD2706-6AE5-4DF1-85B8-21C2A5A9E45E}.Debug|Any CPU.Build.0 = Debug|Any CPU
		{B4DD2706-6AE5-4DF1-85B8-21C2A5A9E45E}.Release|Any CPU.ActiveCfg = Release|Any CPU
		{B4DD2706-6AE5-4DF1-85B8-21C2A5A9E45E}.Release|Any CPU.Build.0 = Release|Any CPU
		{877DFA65-6DEF-4A42-B18C-142FD673F5E8}.Debug|Any CPU.ActiveCfg = Debug|Any CPU
		{877DFA65-6DEF-4A42-B18C-142FD673F5E8}.Debug|Any CPU.Build.0 = Debug|Any CPU
		{877DFA65-6DEF-4A42-B18C-142FD673F5E8}.Release|Any CPU.ActiveCfg = Release|Any CPU
		{877DFA65-6DEF-4A42-B18C-142FD673F5E8}.Release|Any CPU.Build.0 = Release|Any CPU
		{DC392218-DBC1-4871-A87D-A922D877DE84}.Debug|Any CPU.ActiveCfg = Debug|Any CPU
		{DC392218-DBC1-4871-A87D-A922D877DE84}.Debug|Any CPU.Build.0 = Debug|Any CPU
		{DC392218-DBC1-4871-A87D-A922D877DE84}.Release|Any CPU.ActiveCfg = Release|Any CPU
		{DC392218-DBC1-4871-A87D-A922D877DE84}.Release|Any CPU.Build.0 = Release|Any CPU
		{0F3DF386-BAF7-42F3-98DF-F3A96A2D323D}.Debug|Any CPU.ActiveCfg = Debug|Any CPU
		{0F3DF386-BAF7-42F3-98DF-F3A96A2D323D}.Debug|Any CPU.Build.0 = Debug|Any CPU
		{0F3DF386-BAF7-42F3-98DF-F3A96A2D323D}.Release|Any CPU.ActiveCfg = Release|Any CPU
		{0F3DF386-BAF7-42F3-98DF-F3A96A2D323D}.Release|Any CPU.Build.0 = Release|Any CPU
		{0B262B50-CB13-486C-A43C-484060499DCF}.Debug|Any CPU.ActiveCfg = Debug|Any CPU
		{0B262B50-CB13-486C-A43C-484060499DCF}.Debug|Any CPU.Build.0 = Debug|Any CPU
		{0B262B50-CB13-486C-A43C-484060499DCF}.Release|Any CPU.ActiveCfg = Release|Any CPU
		{0B262B50-CB13-486C-A43C-484060499DCF}.Release|Any CPU.Build.0 = Release|Any CPU
		{B5F801AD-E675-41F5-B0ED-48CCDF44D5ED}.Debug|Any CPU.ActiveCfg = Debug|Any CPU
		{B5F801AD-E675-41F5-B0ED-48CCDF44D5ED}.Debug|Any CPU.Build.0 = Debug|Any CPU
		{B5F801AD-E675-41F5-B0ED-48CCDF44D5ED}.Release|Any CPU.ActiveCfg = Release|Any CPU
		{B5F801AD-E675-41F5-B0ED-48CCDF44D5ED}.Release|Any CPU.Build.0 = Release|Any CPU
		{816CE632-23BA-43DC-BA28-1B119C3B37CB}.Debug|Any CPU.ActiveCfg = Debug|Any CPU
		{816CE632-23BA-43DC-BA28-1B119C3B37CB}.Debug|Any CPU.Build.0 = Debug|Any CPU
		{816CE632-23BA-43DC-BA28-1B119C3B37CB}.Release|Any CPU.ActiveCfg = Release|Any CPU
		{816CE632-23BA-43DC-BA28-1B119C3B37CB}.Release|Any CPU.Build.0 = Release|Any CPU
		{C9FDE117-FED6-495A-9640-0AC121A4E0F2}.Debug|Any CPU.ActiveCfg = Debug|Any CPU
		{C9FDE117-FED6-495A-9640-0AC121A4E0F2}.Debug|Any CPU.Build.0 = Debug|Any CPU
		{C9FDE117-FED6-495A-9640-0AC121A4E0F2}.Release|Any CPU.ActiveCfg = Release|Any CPU
		{C9FDE117-FED6-495A-9640-0AC121A4E0F2}.Release|Any CPU.Build.0 = Release|Any CPU
		{77535364-3B3E-4634-9B24-02059A292CF5}.Debug|Any CPU.ActiveCfg = Debug|Any CPU
		{77535364-3B3E-4634-9B24-02059A292CF5}.Debug|Any CPU.Build.0 = Debug|Any CPU
		{77535364-3B3E-4634-9B24-02059A292CF5}.Release|Any CPU.ActiveCfg = Release|Any CPU
		{77535364-3B3E-4634-9B24-02059A292CF5}.Release|Any CPU.Build.0 = Release|Any CPU
		{9DD0E060-2A32-461D-93E0-2753C9992E4D}.Debug|Any CPU.ActiveCfg = Debug|Any CPU
		{9DD0E060-2A32-461D-93E0-2753C9992E4D}.Debug|Any CPU.Build.0 = Debug|Any CPU
		{9DD0E060-2A32-461D-93E0-2753C9992E4D}.Release|Any CPU.ActiveCfg = Release|Any CPU
		{9DD0E060-2A32-461D-93E0-2753C9992E4D}.Release|Any CPU.Build.0 = Release|Any CPU
	EndGlobalSection
	GlobalSection(SolutionProperties) = preSolution
		HideSolutionNode = FALSE
	EndGlobalSection
	GlobalSection(ExtensibilityGlobals) = postSolution
		SolutionGuid = {6CD24252-3FFF-4DB5-9E73-C4566E8C2F57}
	EndGlobalSection
EndGlobal
